
Microsoft Visual Studio Solution File, Format Version 12.00
# Visual Studio 15
VisualStudioVersion = 15.0.26228.9
MinimumVisualStudioVersion = 10.0.40219.1
Project("{FAE04EC0-301F-11D3-BF4B-00C04F79EFBC}") = "ttanks.ef.dbf_1", "ttanks.ef.dbf_1\ttanks.ef.dbf_1.csproj", "{AE32D5A6-F6C3-4100-AF61-87CF807B00DC}"
EndProject
Project("{FAE04EC0-301F-11D3-BF4B-00C04F79EFBC}") = "ttanks.ef.mdf_1", "ttanks.ef.mdf_1\ttanks.ef.mdf_1.csproj", "{53787A8D-ADA9-4686-A818-BAC562FA967C}"
EndProject
Project("{FAE04EC0-301F-11D3-BF4B-00C04F79EFBC}") = "ttanks.dbf_2_cf", "ttanks.dbf_2_cf\ttanks.dbf_2_cf.csproj", "{0E300010-12C5-4825-B6A5-E939FC39A7A1}"
EndProject
Project("{FAE04EC0-301F-11D3-BF4B-00C04F79EFBC}") = "ttanks.inheritance_single", "ttanks.inheritance_single\ttanks.inheritance_single.csproj", "{79043918-C0DF-4F38-8DEC-42C167C0F175}"
EndProject
Project("{FAE04EC0-301F-11D3-BF4B-00C04F79EFBC}") = "ttanks.inheritance_class", "ttanks.inheritance_class\ttanks.inheritance_class.csproj", "{919F030B-C19A-4781-BE28-1727D26054B8}"
EndProject
Project("{FAE04EC0-301F-11D3-BF4B-00C04F79EFBC}") = "ttanks.inheritance_concreteClass", "ttanks.inheritance_concreteClass\ttanks.inheritance_concreteClass.csproj", "{DD0DA1B3-3335-40B1-833D-FC7A886D2D45}"
EndProject
Project("{FAE04EC0-301F-11D3-BF4B-00C04F79EFBC}") = "ttanks.demogame", "ttanks.demogame\ttanks.demogame.csproj", "{DE621823-E796-4C15-BD11-A98AB957D907}"
EndProject
Global
	GlobalSection(SolutionConfigurationPlatforms) = preSolution
		Debug|Any CPU = Debug|Any CPU
		Release|Any CPU = Release|Any CPU
	EndGlobalSection
	GlobalSection(ProjectConfigurationPlatforms) = postSolution
		{AE32D5A6-F6C3-4100-AF61-87CF807B00DC}.Debug|Any CPU.ActiveCfg = Debug|Any CPU
		{AE32D5A6-F6C3-4100-AF61-87CF807B00DC}.Debug|Any CPU.Build.0 = Debug|Any CPU
		{AE32D5A6-F6C3-4100-AF61-87CF807B00DC}.Release|Any CPU.ActiveCfg = Release|Any CPU
		{AE32D5A6-F6C3-4100-AF61-87CF807B00DC}.Release|Any CPU.Build.0 = Release|Any CPU
		{53787A8D-ADA9-4686-A818-BAC562FA967C}.Debug|Any CPU.ActiveCfg = Debug|Any CPU
		{53787A8D-ADA9-4686-A818-BAC562FA967C}.Debug|Any CPU.Build.0 = Debug|Any CPU
		{53787A8D-ADA9-4686-A818-BAC562FA967C}.Release|Any CPU.ActiveCfg = Release|Any CPU
		{53787A8D-ADA9-4686-A818-BAC562FA967C}.Release|Any CPU.Build.0 = Release|Any CPU
		{0E300010-12C5-4825-B6A5-E939FC39A7A1}.Debug|Any CPU.ActiveCfg = Debug|Any CPU
		{0E300010-12C5-4825-B6A5-E939FC39A7A1}.Debug|Any CPU.Build.0 = Debug|Any CPU
		{0E300010-12C5-4825-B6A5-E939FC39A7A1}.Release|Any CPU.ActiveCfg = Release|Any CPU
		{0E300010-12C5-4825-B6A5-E939FC39A7A1}.Release|Any CPU.Build.0 = Release|Any CPU
		{79043918-C0DF-4F38-8DEC-42C167C0F175}.Debug|Any CPU.ActiveCfg = Debug|Any CPU
		{79043918-C0DF-4F38-8DEC-42C167C0F175}.Debug|Any CPU.Build.0 = Debug|Any CPU
		{79043918-C0DF-4F38-8DEC-42C167C0F175}.Release|Any CPU.ActiveCfg = Release|Any CPU
		{79043918-C0DF-4F38-8DEC-42C167C0F175}.Release|Any CPU.Build.0 = Release|Any CPU
		{919F030B-C19A-4781-BE28-1727D26054B8}.Debug|Any CPU.ActiveCfg = Debug|Any CPU
		{919F030B-C19A-4781-BE28-1727D26054B8}.Debug|Any CPU.Build.0 = Debug|Any CPU
		{919F030B-C19A-4781-BE28-1727D26054B8}.Release|Any CPU.ActiveCfg = Release|Any CPU
		{919F030B-C19A-4781-BE28-1727D26054B8}.Release|Any CPU.Build.0 = Release|Any CPU
		{DD0DA1B3-3335-40B1-833D-FC7A886D2D45}.Debug|Any CPU.ActiveCfg = Debug|Any CPU
		{DD0DA1B3-3335-40B1-833D-FC7A886D2D45}.Debug|Any CPU.Build.0 = Debug|Any CPU
		{DD0DA1B3-3335-40B1-833D-FC7A886D2D45}.Release|Any CPU.ActiveCfg = Release|Any CPU
		{DD0DA1B3-3335-40B1-833D-FC7A886D2D45}.Release|Any CPU.Build.0 = Release|Any CPU
		{DE621823-E796-4C15-BD11-A98AB957D907}.Debug|Any CPU.ActiveCfg = Debug|Any CPU
		{DE621823-E796-4C15-BD11-A98AB957D907}.Debug|Any CPU.Build.0 = Debug|Any CPU
		{DE621823-E796-4C15-BD11-A98AB957D907}.Release|Any CPU.ActiveCfg = Release|Any CPU
		{DE621823-E796-4C15-BD11-A98AB957D907}.Release|Any CPU.Build.0 = Release|Any CPU
	EndGlobalSection
	GlobalSection(SolutionProperties) = preSolution
		HideSolutionNode = FALSE
	EndGlobalSection
EndGlobal
